<?xml version="1.0" encoding="utf-8"?>
<Project ToolsVersion="4.0" xmlns="http://schemas.microsoft.com/developer/msbuild/2003">
  <ItemGroup>
    <Filter Include="Source Files">
      <UniqueIdentifier>{4FC737F1-C7A5-4376-A066-2A32D752A2FF}</UniqueIdentifier>
      <Extensions>cpp;c;cc;cxx;c++;cppm;ixx;def;odl;idl;hpj;bat;asm;asmx</Extensions>
    </Filter>
    <Filter Include="Header Files">
      <UniqueIdentifier>{93995380-89BD-4b04-88EB-625FBE52EBFB}</UniqueIdentifier>
      <Extensions>h;hh;hpp;hxx;h++;hm;inl;inc;ipp;xsd</Extensions>
    </Filter>
    <Filter Include="Resource Files">
      <UniqueIdentifier>{67DA6AB6-F800-4c08-8B7A-83BB121AAD01}</UniqueIdentifier>
      <Extensions>rc;ico;cur;bmp;dlg;rc2;rct;bin;rgs;gif;jpg;jpeg;jpe;resx;tiff;tif;png;wav;mfcribbon-ms</Extensions>
    </Filter>
    <Filter Include="Source Files\2412">
      <UniqueIdentifier>{afcd5303-76dd-40fb-8c34-2b793de70003}</UniqueIdentifier>
    </Filter>
    <Filter Include="Source Files\2411">
      <UniqueIdentifier>{513fac2c-840d-413c-abd7-df238fa2c1ed}</UniqueIdentifier>
    </Filter>
    <Filter Include="Source Files\2411\-241117">
      <UniqueIdentifier>{4b078b0c-f77d-48bb-a0e6-7c05ad8d3bb5}</UniqueIdentifier>
    </Filter>
    <Filter Include="Source Files\2411\241118-241124">
      <UniqueIdentifier>{32bcedb4-c855-4da5-b996-00f2ff2e0d2f}</UniqueIdentifier>
    </Filter>
    <Filter Include="Source Files\2411\241125-241201">
      <UniqueIdentifier>{352f5a15-b849-4aab-8090-7fc48712e348}</UniqueIdentifier>
    </Filter>
    <Filter Include="Source Files\2412\241209-241215">
      <UniqueIdentifier>{20331a0a-653a-45d3-9b6f-dd2a6a2e4e69}</UniqueIdentifier>
    </Filter>
    <Filter Include="Source Files\2412\241202-241208">
      <UniqueIdentifier>{4cb2726b-0ca2-43ff-ab4e-ec4ef690feb3}</UniqueIdentifier>
    </Filter>
    <Filter Include="Source Files\2412\241216-241222">
      <UniqueIdentifier>{0ec8f1ee-d8e5-4e15-8e4c-ca358c09e1b5}</UniqueIdentifier>
    </Filter>
  </ItemGroup>
  <ItemGroup>
    <ClCompile Include="2294_coin_2.cpp">
      <Filter>Source Files\2411\-241117</Filter>
    </ClCompile>
    <ClCompile Include="2748_fibonacci_2.cpp">
      <Filter>Source Files\2411\-241117</Filter>
    </ClCompile>
    <ClCompile Include="9084_coins.cpp">
      <Filter>Source Files\2411\-241117</Filter>
    </ClCompile>
    <ClCompile Include="9655_coins_1.cpp">
      <Filter>Source Files\2411\-241117</Filter>
    </ClCompile>
    <ClCompile Include="9655_stone_game.cpp">
      <Filter>Source Files\2411\-241117</Filter>
    </ClCompile>
    <ClCompile Include="9657_stone_game_3.cpp">
      <Filter>Source Files\2411\-241117</Filter>
    </ClCompile>
    <ClCompile Include="11055_LargestIncreasingSeries.cpp">
      <Filter>Source Files\2411\-241117</Filter>
    </ClCompile>
    <ClCompile Include="11659_Partial_Sum.cpp">
      <Filter>Source Files\2411\-241117</Filter>
    </ClCompile>
    <ClCompile Include="12852_reduce_to_one_2.cpp">
      <Filter>Source Files\2411\-241117</Filter>
    </ClCompile>
    <ClCompile Include="14501_quit_job.cpp">
      <Filter>Source Files\2411\-241117</Filter>
    </ClCompile>
    <ClCompile Include="LongestIncreasingSeries.cpp">
      <Filter>Source Files\2411\-241117</Filter>
    </ClCompile>
    <ClCompile Include="PinaryNumber.cpp">
      <Filter>Source Files\2411\-241117</Filter>
    </ClCompile>
    <ClCompile Include="11660_partial_sum.cpp">
      <Filter>Source Files\2411\-241117</Filter>
    </ClCompile>
    <ClCompile Include="2302_theater_seats.cpp">
      <Filter>Source Files\2411\241118-241124</Filter>
    </ClCompile>
    <ClCompile Include="14002_longest_increasing_series.cpp">
      <Filter>Source Files\2411\241118-241124</Filter>
    </ClCompile>
    <ClCompile Include="2240_plumtree.cpp">
      <Filter>Source Files\2411\241118-241124</Filter>
    </ClCompile>
    <ClCompile Include="2482_color_circle.cpp">
      <Filter>Source Files\2411\241118-241124</Filter>
    </ClCompile>
    <ClCompile Include="15988_add_123_3.cpp">
      <Filter>Source Files\2411\241118-241124</Filter>
    </ClCompile>
    <ClCompile Include="1788_extended_fibonacci.cpp">
      <Filter>Source Files\2411\241118-241124</Filter>
    </ClCompile>
    <ClCompile Include="9251_LCS.cpp">
      <Filter>Source Files\2411\241118-241124</Filter>
    </ClCompile>
    <ClCompile Include="2156_wine_tasting.cpp">
      <Filter>Source Files\2411\241118-241124</Filter>
    </ClCompile>
    <ClCompile Include="1904_01_tiles.cpp">
      <Filter>Source Files\2411\241118-241124</Filter>
    </ClCompile>
    <ClCompile Include="9465_stickers.cpp">
      <Filter>Source Files\2411\241118-241124</Filter>
    </ClCompile>
    <ClCompile Include="template.cpp">
      <Filter>Source Files</Filter>
    </ClCompile>
    <ClCompile Include="1915_largest_square.cpp">
      <Filter>Source Files\2411\241118-241124</Filter>
    </ClCompile>
    <ClCompile Include="10942_palindrome.cpp">
      <Filter>Source Files\2411\241125-241201</Filter>
    </ClCompile>
    <ClCompile Include="1520_downhill.cpp">
      <Filter>Source Files\2411\241125-241201</Filter>
    </ClCompile>
    <ClCompile Include="4883_triangle_graph.cpp">
      <Filter>Source Files\2411\241125-241201</Filter>
    </ClCompile>
    <ClCompile Include="2669_union_of_4_rectangles.cpp">
      <Filter>Source Files\2411\241125-241201</Filter>
    </ClCompile>
    <ClCompile Include="2720_laundry_owner_donghyuk.cpp">
      <Filter>Source Files\2411\241125-241201</Filter>
    </ClCompile>
    <ClCompile Include="2903_central_movement_algorithm.cpp">
      <Filter>Source Files\2411\241125-241201</Filter>
    </ClCompile>
    <ClCompile Include="2292_honeycomb.cpp">
      <Filter>Source Files\2411\241125-241201</Filter>
    </ClCompile>
    <ClCompile Include="2869_snail_wants_to_climb.cpp">
      <Filter>Source Files\2411\241125-241201</Filter>
    </ClCompile>
    <ClCompile Include="5086_multiple_or_factor.cpp">
      <Filter>Source Files\2411\241125-241201</Filter>
    </ClCompile>
    <ClCompile Include="2501_find_factor.cpp">
      <Filter>Source Files\2411\241125-241201</Filter>
    </ClCompile>
    <ClCompile Include="9506_sum_of_factors.cpp">
      <Filter>Source Files\2411\241125-241201</Filter>
    </ClCompile>
    <ClCompile Include="1978_find_prime.cpp">
      <Filter>Source Files\2411\241125-241201</Filter>
    </ClCompile>
    <ClCompile Include="temp.cpp">
      <Filter>Source Files</Filter>
    </ClCompile>
    <ClCompile Include="1157_learn_words.cpp">
      <Filter>Source Files\2412\241202-241208</Filter>
    </ClCompile>
    <ClCompile Include="2941_croatia_alphabet.cpp">
      <Filter>Source Files\2412\241202-241208</Filter>
    </ClCompile>
    <ClCompile Include="1316_group_word_checker.cpp">
      <Filter>Source Files\2412\241202-241208</Filter>
    </ClCompile>
    <ClCompile Include="25206_avg_score.cpp">
      <Filter>Source Files\2412\241202-241208</Filter>
    </ClCompile>
    <ClCompile Include="2738_matrix_max_element.cpp">
      <Filter>Source Files\2412\241202-241208</Filter>
    </ClCompile>
    <ClCompile Include="10798_vertical_read.cpp">
      <Filter>Source Files\2412\241202-241208</Filter>
    </ClCompile>
    <ClCompile Include="2798_blackjack.cpp">
      <Filter>Source Files\2412\241202-241208</Filter>
    </ClCompile>
    <ClCompile Include="2231_decomposed_sum.cpp">
      <Filter>Source Files\2412\241202-241208</Filter>
    </ClCompile>
    <ClCompile Include="19532_untact_math_class.cpp">
      <Filter>Source Files\2412\241202-241208</Filter>
    </ClCompile>
    <ClCompile Include="1018_recolor_chess.cpp">
      <Filter>Source Files\2412\241209-241215</Filter>
    </ClCompile>
    <ClCompile Include="1436_movie_director_shom.cpp">
      <Filter>Source Files\2412\241209-241215</Filter>
    </ClCompile>
    <ClCompile Include="2839_sugar_delivery.cpp">
      <Filter>Source Files\2412\241209-241215</Filter>
    </ClCompile>
    <ClCompile Include="10815_number_cards.cpp">
      <Filter>Source Files\2412\241209-241215</Filter>
    </ClCompile>
    <ClCompile Include="14425_string_set.cpp">
      <Filter>Source Files\2412\241209-241215</Filter>
    </ClCompile>
    <ClCompile Include="7785_In_attendence.cpp">
      <Filter>Source Files\2412\241209-241215</Filter>
    </ClCompile>
    <ClCompile Include="1620_pokemon_master.cpp">
      <Filter>Source Files\2412\241209-241215</Filter>
    </ClCompile>
    <ClCompile Include="10816_num_cards_2.cpp">
      <Filter>Source Files\2412\241209-241215</Filter>
    </ClCompile>
    <ClCompile Include="1764_never_seen_never_heard.cpp">
      <Filter>Source Files\2412\241209-241215</Filter>
    </ClCompile>
    <ClCompile Include="1269_symmetric_difference_set.cpp">
      <Filter>Source Files\2412\241216-241222</Filter>
    </ClCompile>
    <ClCompile Include="11478_distinct_strings.cpp">
      <Filter>Source Files\2412\241216-241222</Filter>
    </ClCompile>
    <ClCompile Include="1934_least_common_multiplier.cpp">
      <Filter>Source Files\2412\241216-241222</Filter>
    </ClCompile>
    <ClCompile Include="13241_least_common_multiplier.cpp">
      <Filter>Source Files\2412\241216-241222</Filter>
    </ClCompile>
    <ClCompile Include="1735_sum_of_fraction.cpp">
      <Filter>Source Files\2412\241216-241222</Filter>
    </ClCompile>
    <ClCompile Include="2485_street_trees.cpp">
      <Filter>Source Files\2412\241216-241222</Filter>
    </ClCompile>
    <ClCompile Include="4134_next_prime.cpp">
      <Filter>Source Files\2412\241216-241222</Filter>
    </ClCompile>
    <ClCompile Include="1929_primes_between.cpp">
      <Filter>Source Files\2412\241216-241222</Filter>
    </ClCompile>
  </ItemGroup>
</Project>